
Microsoft Visual Studio Solution File, Format Version 12.00
# Visual Studio Version 17
VisualStudioVersion = 17.10.35122.118
MinimumVisualStudioVersion = 10.0.40219.1
Project("{9A19103F-16F7-4668-BE54-9A1E7A4F7556}") = "WebApplicationMVC", "WebApplicationMVC\WebApplicationMVC.csproj", "{060FC64A-FB6B-43DF-8FB9-0B89A6435EAC}"
EndProject
Project("{FAE04EC0-301F-11D3-BF4B-00C04F79EFBC}") = "WebApplicationTest", "WebApplicationTest\WebApplicationTest.csproj", "{903FB661-A86E-4385-A195-56649BE3A45C}"
EndProject
Global
	GlobalSection(SolutionConfigurationPlatforms) = preSolution
		Debug|Any CPU = Debug|Any CPU
		Release|Any CPU = Release|Any CPU
	EndGlobalSection
	GlobalSection(ProjectConfigurationPlatforms) = postSolution
		{060FC64A-FB6B-43DF-8FB9-0B89A6435EAC}.Debug|Any CPU.ActiveCfg = Debug|Any CPU
		{060FC64A-FB6B-43DF-8FB9-0B89A6435EAC}.Debug|Any CPU.Build.0 = Debug|Any CPU
		{060FC64A-FB6B-43DF-8FB9-0B89A6435EAC}.Release|Any CPU.ActiveCfg = Release|Any CPU
		{060FC64A-FB6B-43DF-8FB9-0B89A6435EAC}.Release|Any CPU.Build.0 = Release|Any CPU
		{903FB661-A86E-4385-A195-56649BE3A45C}.Debug|Any CPU.ActiveCfg = Debug|Any CPU
		{903FB661-A86E-4385-A195-56649BE3A45C}.Debug|Any CPU.Build.0 = Debug|Any CPU
		{903FB661-A86E-4385-A195-56649BE3A45C}.Release|Any CPU.ActiveCfg = Release|Any CPU
		{903FB661-A86E-4385-A195-56649BE3A45C}.Release|Any CPU.Build.0 = Release|Any CPU
	EndGlobalSection
	GlobalSection(SolutionProperties) = preSolution
		HideSolutionNode = FALSE
	EndGlobalSection
	GlobalSection(ExtensibilityGlobals) = postSolution
		SolutionGuid = {B04901D2-FD98-4E81-8962-1A28A54A5BB7}
	EndGlobalSection
EndGlobal
